github.com/edwingeng/deque v0.0.0-20191220032131-8596380dee17 h1:8i9x3Q4hW1kLE4ScsOtUlwVHT76LKhkmOw9zbDxnyUc=
github.com/edwingeng/deque v0.0.0-20191220032131-8596380dee17/go.mod h1:3Ys1pJhyVaB6iWigv4o2r6Ug1GZmfDWqvqmO6bjojg0=
github.com/edwingeng/deque v0.0.0-20200314053023-4b14504bda4b h1:RQv5xHUzdZw0+u4v9/GmY0u01qfsj06ZXEOht07QCvo=
github.com/edwingeng/deque v0.0.0-20200314053023-4b14504bda4b/go.mod h1:3Ys1pJhyVaB6iWigv4o2r6Ug1GZmfDWqvqmO6bjojg0=
github.com/edwingeng/live v0.0.0-20200310164802-fae0489d41c2 h1:GQkCuBAVSJ4IOXh4IGwrhADGN/FbHiR/pn9GikzoZ+U=
github.com/edwingeng/live v0.0.0-20200310164802-fae0489d41c2/go.mod h1:fl1KJzVIksXbwIYMpXKZOY8iezxhtzpQwgb9rM/X/Rs=
github.com/edwingeng/live v0.0.0-20200713045928-bd24dea83e6e h1:4F6KVoqWpjzfRCr0iZSmYoLA2ot8NyErtdsXlBqaxyo=
github.com/edwingeng/live v0.0.0-20200713045928-bd24dea83e6e/go.mod h1:fl1KJzVIksXbwIYMpXKZOY8iezxhtzpQwgb9rM/X/Rs=
github.com/edwingeng/slog v0.0.0-20191011125256-3ac46ac3623d h1:/1paWA9ZxTiyOM10Em751o0wzv0I8Ikey8lRW5ijYIg=
github.com/edwingeng/slog v0.0.0-20191011125256-3ac46ac3623d/go.mod h1:g3bFHx27qq2CKFvaeya0LS+cKa3dOiYrSdqHeAxWYT0=
github.com/gogo/protobuf v1.3.1 h1:DqDEcV5aeaTmdFBePNpYsp3FlcVH/2ISVVM9Qf8PSls=
github.com/gogo/protobuf v1.3.1/go.mod h1:SlYgWuQ5SjCEi6WLHjHCa1yvBfUnHcTbrrZtXPKa29o=
github.com/kisielk/errcheck v1.2.0/go.mod h1:/BMXB+zMLi60iA8Vv6Ksmxu/1UDYcXs4uQLJ+jE2L00=
github.com/kisielk/gotool v1.0.0/go.mod h1:XhKaO+MFFWcvkIS/tQcRk01m1F5IRFswLeQ+oQHNcck=
github.com/mailru/easyjson v0.7.1 h1:mdxE1MF9o53iCb2Ghj1VfWvh7ZOwHpnVG/xwXrV90U8=
github.com/mailru/easyjson v0.7.1/go.mod h1:KAzv3t3aY1NaHWoQz1+4F1ccyAH66Jk7yos7ldAVICs=
golang.org/x/tools v0.0.0-20181030221726-6c7e314b6563/go.mod h1:n7NCudcB/nEzxVGmLbDWY5pfWTLqBcC2KZ6jyYvM4mQ=
