github.com/edwingeng/deque v0.0.0-20210104094721-635c19241778 h1:Q0eki1H0+O57MFTjrREsB12gSAmUDo2EAF1mrwvB8wo=
github.com/edwingeng/deque v0.0.0-20210104094721-635c19241778/go.mod h1:3Ys1pJhyVaB6iWigv4o2r6Ug1GZmfDWqvqmO6bjojg0=
github.com/edwingeng/live v0.0.0-20201023071152-1dd57dbf2ba8 h1:GAbpFVktzGx+PNYsBc4W74NvXF2JbU+oCBQ654+gz6E=
github.com/edwingeng/live v0.0.0-20201023071152-1dd57dbf2ba8/go.mod h1:0Dhx+FYT0yDsjRGv/zDR0fmvLe2Czu2T3PicPCIAka4=
github.com/edwingeng/slog v0.0.0-20201024032334-a3591dd2a5f1 h1:gq+I7VDmxzvJ8/lWKFCw8H5Y7af6Y5cC8/vdwI/hzs0=
github.com/edwingeng/slog v0.0.0-20201024032334-a3591dd2a5f1/go.mod h1:g3bFHx27qq2CKFvaeya0LS+cKa3dOiYrSdqHeAxWYT0=
github.com/gogo/protobuf v1.3.1 h1:DqDEcV5aeaTmdFBePNpYsp3FlcVH/2ISVVM9Qf8PSls=
github.com/gogo/protobuf v1.3.1/go.mod h1:SlYgWuQ5SjCEi6WLHjHCa1yvBfUnHcTbrrZtXPKa29o=
github.com/josharian/intern v1.0.0 h1:vlS4z54oSdjm0bgjRigI+G1HpF+tI+9rE5LLzOg8HmY=
github.com/josharian/intern v1.0.0/go.mod h1:5DoeVV0s6jJacbCEi61lwdGj/aVlrQvzHFFd8Hwg//Y=
github.com/kisielk/errcheck v1.2.0/go.mod h1:/BMXB+zMLi60iA8Vv6Ksmxu/1UDYcXs4uQLJ+jE2L00=
github.com/kisielk/gotool v1.0.0/go.mod h1:XhKaO+MFFWcvkIS/tQcRk01m1F5IRFswLeQ+oQHNcck=
github.com/mailru/easyjson v0.7.6 h1:8yTIVnZgCoiM1TgqoeTl+LfU5Jg6/xL3QhGQnimLYnA=
github.com/mailru/easyjson v0.7.6/go.mod h1:xzfreul335JAWq5oZzymOObrkdz5UnU4kGfJJLY9Nlc=
golang.org/x/tools v0.0.0-20181030221726-6c7e314b6563/go.mod h1:n7NCudcB/nEzxVGmLbDWY5pfWTLqBcC2KZ6jyYvM4mQ=
